
Microsoft Visual Studio Solution File, Format Version 12.00
# Visual Studio 15
VisualStudioVersion = 15.0.27130.2010
MinimumVisualStudioVersion = 10.0.40219.1
Project("{FAE04EC0-301F-11D3-BF4B-00C04F79EFBC}") = "BI_Uwp_App.UI", "BI_Uwp_App\BI_Uwp_App.UI.csproj", "{C58E3479-FC99-492D-8905-5B4B33002DEB}"
EndProject
Project("{FAE04EC0-301F-11D3-BF4B-00C04F79EFBC}") = "BindingToCollections", "BindingToCollections\BindingToCollections.csproj", "{C7F58A70-1CAF-4DB6-97BD-6328089DB126}"
EndProject
Project("{FAE04EC0-301F-11D3-BF4B-00C04F79EFBC}") = "DataRendering", "DataRendering\DataRendering.csproj", "{6861DA8F-2332-4AD7-8CE0-F391FDEE1D2D}"
EndProject
Project("{FAE04EC0-301F-11D3-BF4B-00C04F79EFBC}") = "TheFlipView", "TheFlipView\TheFlipView.csproj", "{CA6B45E0-F54B-47D2-A817-A80A606C20C7}"
EndProject
Project("{FAE04EC0-301F-11D3-BF4B-00C04F79EFBC}") = "TheListView", "TheListView\TheListView.csproj", "{950ED049-AEE7-4EAE-9D84-91F1FED16DD1}"
EndProject
Project("{FAE04EC0-301F-11D3-BF4B-00C04F79EFBC}") = "TheGridView", "TheGridView\TheGridView.csproj", "{460F0B51-554A-4A4D-B7E8-BC14B0540FCC}"
EndProject
Project("{FAE04EC0-301F-11D3-BF4B-00C04F79EFBC}") = "GroupingData", "GroupingData\GroupingData.csproj", "{63D38577-13F8-4F5B-9CBF-CCB00E28B375}"
EndProject
Global
	GlobalSection(SolutionConfigurationPlatforms) = preSolution
		Debug|Any CPU = Debug|Any CPU
		Debug|ARM = Debug|ARM
		Debug|x64 = Debug|x64
		Debug|x86 = Debug|x86
		Release|Any CPU = Release|Any CPU
		Release|ARM = Release|ARM
		Release|x64 = Release|x64
		Release|x86 = Release|x86
	EndGlobalSection
	GlobalSection(ProjectConfigurationPlatforms) = postSolution
		{C58E3479-FC99-492D-8905-5B4B33002DEB}.Debug|Any CPU.ActiveCfg = Debug|x86
		{C58E3479-FC99-492D-8905-5B4B33002DEB}.Debug|ARM.ActiveCfg = Debug|ARM
		{C58E3479-FC99-492D-8905-5B4B33002DEB}.Debug|ARM.Build.0 = Debug|ARM
		{C58E3479-FC99-492D-8905-5B4B33002DEB}.Debug|ARM.Deploy.0 = Debug|ARM
		{C58E3479-FC99-492D-8905-5B4B33002DEB}.Debug|x64.ActiveCfg = Debug|x64
		{C58E3479-FC99-492D-8905-5B4B33002DEB}.Debug|x64.Build.0 = Debug|x64
		{C58E3479-FC99-492D-8905-5B4B33002DEB}.Debug|x64.Deploy.0 = Debug|x64
		{C58E3479-FC99-492D-8905-5B4B33002DEB}.Debug|x86.ActiveCfg = Debug|x86
		{C58E3479-FC99-492D-8905-5B4B33002DEB}.Debug|x86.Build.0 = Debug|x86
		{C58E3479-FC99-492D-8905-5B4B33002DEB}.Debug|x86.Deploy.0 = Debug|x86
		{C58E3479-FC99-492D-8905-5B4B33002DEB}.Release|Any CPU.ActiveCfg = Release|x86
		{C58E3479-FC99-492D-8905-5B4B33002DEB}.Release|ARM.ActiveCfg = Release|ARM
		{C58E3479-FC99-492D-8905-5B4B33002DEB}.Release|ARM.Build.0 = Release|ARM
		{C58E3479-FC99-492D-8905-5B4B33002DEB}.Release|ARM.Deploy.0 = Release|ARM
		{C58E3479-FC99-492D-8905-5B4B33002DEB}.Release|x64.ActiveCfg = Release|x64
		{C58E3479-FC99-492D-8905-5B4B33002DEB}.Release|x64.Build.0 = Release|x64
		{C58E3479-FC99-492D-8905-5B4B33002DEB}.Release|x64.Deploy.0 = Release|x64
		{C58E3479-FC99-492D-8905-5B4B33002DEB}.Release|x86.ActiveCfg = Release|x86
		{C58E3479-FC99-492D-8905-5B4B33002DEB}.Release|x86.Build.0 = Release|x86
		{C58E3479-FC99-492D-8905-5B4B33002DEB}.Release|x86.Deploy.0 = Release|x86
		{C7F58A70-1CAF-4DB6-97BD-6328089DB126}.Debug|Any CPU.ActiveCfg = Debug|x86
		{C7F58A70-1CAF-4DB6-97BD-6328089DB126}.Debug|ARM.ActiveCfg = Debug|ARM
		{C7F58A70-1CAF-4DB6-97BD-6328089DB126}.Debug|ARM.Build.0 = Debug|ARM
		{C7F58A70-1CAF-4DB6-97BD-6328089DB126}.Debug|ARM.Deploy.0 = Debug|ARM
		{C7F58A70-1CAF-4DB6-97BD-6328089DB126}.Debug|x64.ActiveCfg = Debug|x64
		{C7F58A70-1CAF-4DB6-97BD-6328089DB126}.Debug|x64.Build.0 = Debug|x64
		{C7F58A70-1CAF-4DB6-97BD-6328089DB126}.Debug|x64.Deploy.0 = Debug|x64
		{C7F58A70-1CAF-4DB6-97BD-6328089DB126}.Debug|x86.ActiveCfg = Debug|x86
		{C7F58A70-1CAF-4DB6-97BD-6328089DB126}.Debug|x86.Build.0 = Debug|x86
		{C7F58A70-1CAF-4DB6-97BD-6328089DB126}.Debug|x86.Deploy.0 = Debug|x86
		{C7F58A70-1CAF-4DB6-97BD-6328089DB126}.Release|Any CPU.ActiveCfg = Release|x86
		{C7F58A70-1CAF-4DB6-97BD-6328089DB126}.Release|ARM.ActiveCfg = Release|ARM
		{C7F58A70-1CAF-4DB6-97BD-6328089DB126}.Release|ARM.Build.0 = Release|ARM
		{C7F58A70-1CAF-4DB6-97BD-6328089DB126}.Release|ARM.Deploy.0 = Release|ARM
		{C7F58A70-1CAF-4DB6-97BD-6328089DB126}.Release|x64.ActiveCfg = Release|x64
		{C7F58A70-1CAF-4DB6-97BD-6328089DB126}.Release|x64.Build.0 = Release|x64
		{C7F58A70-1CAF-4DB6-97BD-6328089DB126}.Release|x64.Deploy.0 = Release|x64
		{C7F58A70-1CAF-4DB6-97BD-6328089DB126}.Release|x86.ActiveCfg = Release|x86
		{C7F58A70-1CAF-4DB6-97BD-6328089DB126}.Release|x86.Build.0 = Release|x86
		{C7F58A70-1CAF-4DB6-97BD-6328089DB126}.Release|x86.Deploy.0 = Release|x86
		{6861DA8F-2332-4AD7-8CE0-F391FDEE1D2D}.Debug|Any CPU.ActiveCfg = Debug|x86
		{6861DA8F-2332-4AD7-8CE0-F391FDEE1D2D}.Debug|ARM.ActiveCfg = Debug|ARM
		{6861DA8F-2332-4AD7-8CE0-F391FDEE1D2D}.Debug|ARM.Build.0 = Debug|ARM
		{6861DA8F-2332-4AD7-8CE0-F391FDEE1D2D}.Debug|ARM.Deploy.0 = Debug|ARM
		{6861DA8F-2332-4AD7-8CE0-F391FDEE1D2D}.Debug|x64.ActiveCfg = Debug|x64
		{6861DA8F-2332-4AD7-8CE0-F391FDEE1D2D}.Debug|x64.Build.0 = Debug|x64
		{6861DA8F-2332-4AD7-8CE0-F391FDEE1D2D}.Debug|x64.Deploy.0 = Debug|x64
		{6861DA8F-2332-4AD7-8CE0-F391FDEE1D2D}.Debug|x86.ActiveCfg = Debug|x86
		{6861DA8F-2332-4AD7-8CE0-F391FDEE1D2D}.Debug|x86.Build.0 = Debug|x86
		{6861DA8F-2332-4AD7-8CE0-F391FDEE1D2D}.Debug|x86.Deploy.0 = Debug|x86
		{6861DA8F-2332-4AD7-8CE0-F391FDEE1D2D}.Release|Any CPU.ActiveCfg = Release|x86
		{6861DA8F-2332-4AD7-8CE0-F391FDEE1D2D}.Release|ARM.ActiveCfg = Release|ARM
		{6861DA8F-2332-4AD7-8CE0-F391FDEE1D2D}.Release|ARM.Build.0 = Release|ARM
		{6861DA8F-2332-4AD7-8CE0-F391FDEE1D2D}.Release|ARM.Deploy.0 = Release|ARM
		{6861DA8F-2332-4AD7-8CE0-F391FDEE1D2D}.Release|x64.ActiveCfg = Release|x64
		{6861DA8F-2332-4AD7-8CE0-F391FDEE1D2D}.Release|x64.Build.0 = Release|x64
		{6861DA8F-2332-4AD7-8CE0-F391FDEE1D2D}.Release|x64.Deploy.0 = Release|x64
		{6861DA8F-2332-4AD7-8CE0-F391FDEE1D2D}.Release|x86.ActiveCfg = Release|x86
		{6861DA8F-2332-4AD7-8CE0-F391FDEE1D2D}.Release|x86.Build.0 = Release|x86
		{6861DA8F-2332-4AD7-8CE0-F391FDEE1D2D}.Release|x86.Deploy.0 = Release|x86
		{CA6B45E0-F54B-47D2-A817-A80A606C20C7}.Debug|Any CPU.ActiveCfg = Debug|x86
		{CA6B45E0-F54B-47D2-A817-A80A606C20C7}.Debug|ARM.ActiveCfg = Debug|ARM
		{CA6B45E0-F54B-47D2-A817-A80A606C20C7}.Debug|ARM.Build.0 = Debug|ARM
		{CA6B45E0-F54B-47D2-A817-A80A606C20C7}.Debug|ARM.Deploy.0 = Debug|ARM
		{CA6B45E0-F54B-47D2-A817-A80A606C20C7}.Debug|x64.ActiveCfg = Debug|x64
		{CA6B45E0-F54B-47D2-A817-A80A606C20C7}.Debug|x64.Build.0 = Debug|x64
		{CA6B45E0-F54B-47D2-A817-A80A606C20C7}.Debug|x64.Deploy.0 = Debug|x64
		{CA6B45E0-F54B-47D2-A817-A80A606C20C7}.Debug|x86.ActiveCfg = Debug|x86
		{CA6B45E0-F54B-47D2-A817-A80A606C20C7}.Debug|x86.Build.0 = Debug|x86
		{CA6B45E0-F54B-47D2-A817-A80A606C20C7}.Debug|x86.Deploy.0 = Debug|x86
		{CA6B45E0-F54B-47D2-A817-A80A606C20C7}.Release|Any CPU.ActiveCfg = Release|x86
		{CA6B45E0-F54B-47D2-A817-A80A606C20C7}.Release|ARM.ActiveCfg = Release|ARM
		{CA6B45E0-F54B-47D2-A817-A80A606C20C7}.Release|ARM.Build.0 = Release|ARM
		{CA6B45E0-F54B-47D2-A817-A80A606C20C7}.Release|ARM.Deploy.0 = Release|ARM
		{CA6B45E0-F54B-47D2-A817-A80A606C20C7}.Release|x64.ActiveCfg = Release|x64
		{CA6B45E0-F54B-47D2-A817-A80A606C20C7}.Release|x64.Build.0 = Release|x64
		{CA6B45E0-F54B-47D2-A817-A80A606C20C7}.Release|x64.Deploy.0 = Release|x64
		{CA6B45E0-F54B-47D2-A817-A80A606C20C7}.Release|x86.ActiveCfg = Release|x86
		{CA6B45E0-F54B-47D2-A817-A80A606C20C7}.Release|x86.Build.0 = Release|x86
		{CA6B45E0-F54B-47D2-A817-A80A606C20C7}.Release|x86.Deploy.0 = Release|x86
		{950ED049-AEE7-4EAE-9D84-91F1FED16DD1}.Debug|Any CPU.ActiveCfg = Debug|x86
		{950ED049-AEE7-4EAE-9D84-91F1FED16DD1}.Debug|ARM.ActiveCfg = Debug|ARM
		{950ED049-AEE7-4EAE-9D84-91F1FED16DD1}.Debug|ARM.Build.0 = Debug|ARM
		{950ED049-AEE7-4EAE-9D84-91F1FED16DD1}.Debug|ARM.Deploy.0 = Debug|ARM
		{950ED049-AEE7-4EAE-9D84-91F1FED16DD1}.Debug|x64.ActiveCfg = Debug|x64
		{950ED049-AEE7-4EAE-9D84-91F1FED16DD1}.Debug|x64.Build.0 = Debug|x64
		{950ED049-AEE7-4EAE-9D84-91F1FED16DD1}.Debug|x64.Deploy.0 = Debug|x64
		{950ED049-AEE7-4EAE-9D84-91F1FED16DD1}.Debug|x86.ActiveCfg = Debug|x86
		{950ED049-AEE7-4EAE-9D84-91F1FED16DD1}.Debug|x86.Build.0 = Debug|x86
		{950ED049-AEE7-4EAE-9D84-91F1FED16DD1}.Debug|x86.Deploy.0 = Debug|x86
		{950ED049-AEE7-4EAE-9D84-91F1FED16DD1}.Release|Any CPU.ActiveCfg = Release|x86
		{950ED049-AEE7-4EAE-9D84-91F1FED16DD1}.Release|ARM.ActiveCfg = Release|ARM
		{950ED049-AEE7-4EAE-9D84-91F1FED16DD1}.Release|ARM.Build.0 = Release|ARM
		{950ED049-AEE7-4EAE-9D84-91F1FED16DD1}.Release|ARM.Deploy.0 = Release|ARM
		{950ED049-AEE7-4EAE-9D84-91F1FED16DD1}.Release|x64.ActiveCfg = Release|x64
		{950ED049-AEE7-4EAE-9D84-91F1FED16DD1}.Release|x64.Build.0 = Release|x64
		{950ED049-AEE7-4EAE-9D84-91F1FED16DD1}.Release|x64.Deploy.0 = Release|x64
		{950ED049-AEE7-4EAE-9D84-91F1FED16DD1}.Release|x86.ActiveCfg = Release|x86
		{950ED049-AEE7-4EAE-9D84-91F1FED16DD1}.Release|x86.Build.0 = Release|x86
		{950ED049-AEE7-4EAE-9D84-91F1FED16DD1}.Release|x86.Deploy.0 = Release|x86
		{460F0B51-554A-4A4D-B7E8-BC14B0540FCC}.Debug|Any CPU.ActiveCfg = Debug|x86
		{460F0B51-554A-4A4D-B7E8-BC14B0540FCC}.Debug|ARM.ActiveCfg = Debug|ARM
		{460F0B51-554A-4A4D-B7E8-BC14B0540FCC}.Debug|ARM.Build.0 = Debug|ARM
		{460F0B51-554A-4A4D-B7E8-BC14B0540FCC}.Debug|ARM.Deploy.0 = Debug|ARM
		{460F0B51-554A-4A4D-B7E8-BC14B0540FCC}.Debug|x64.ActiveCfg = Debug|x64
		{460F0B51-554A-4A4D-B7E8-BC14B0540FCC}.Debug|x64.Build.0 = Debug|x64
		{460F0B51-554A-4A4D-B7E8-BC14B0540FCC}.Debug|x64.Deploy.0 = Debug|x64
		{460F0B51-554A-4A4D-B7E8-BC14B0540FCC}.Debug|x86.ActiveCfg = Debug|x86
		{460F0B51-554A-4A4D-B7E8-BC14B0540FCC}.Debug|x86.Build.0 = Debug|x86
		{460F0B51-554A-4A4D-B7E8-BC14B0540FCC}.Debug|x86.Deploy.0 = Debug|x86
		{460F0B51-554A-4A4D-B7E8-BC14B0540FCC}.Release|Any CPU.ActiveCfg = Release|x86
		{460F0B51-554A-4A4D-B7E8-BC14B0540FCC}.Release|ARM.ActiveCfg = Release|ARM
		{460F0B51-554A-4A4D-B7E8-BC14B0540FCC}.Release|ARM.Build.0 = Release|ARM
		{460F0B51-554A-4A4D-B7E8-BC14B0540FCC}.Release|ARM.Deploy.0 = Release|ARM
		{460F0B51-554A-4A4D-B7E8-BC14B0540FCC}.Release|x64.ActiveCfg = Release|x64
		{460F0B51-554A-4A4D-B7E8-BC14B0540FCC}.Release|x64.Build.0 = Release|x64
		{460F0B51-554A-4A4D-B7E8-BC14B0540FCC}.Release|x64.Deploy.0 = Release|x64
		{460F0B51-554A-4A4D-B7E8-BC14B0540FCC}.Release|x86.ActiveCfg = Release|x86
		{460F0B51-554A-4A4D-B7E8-BC14B0540FCC}.Release|x86.Build.0 = Release|x86
		{460F0B51-554A-4A4D-B7E8-BC14B0540FCC}.Release|x86.Deploy.0 = Release|x86
		{63D38577-13F8-4F5B-9CBF-CCB00E28B375}.Debug|Any CPU.ActiveCfg = Debug|x86
		{63D38577-13F8-4F5B-9CBF-CCB00E28B375}.Debug|ARM.ActiveCfg = Debug|ARM
		{63D38577-13F8-4F5B-9CBF-CCB00E28B375}.Debug|ARM.Build.0 = Debug|ARM
		{63D38577-13F8-4F5B-9CBF-CCB00E28B375}.Debug|ARM.Deploy.0 = Debug|ARM
		{63D38577-13F8-4F5B-9CBF-CCB00E28B375}.Debug|x64.ActiveCfg = Debug|x64
		{63D38577-13F8-4F5B-9CBF-CCB00E28B375}.Debug|x64.Build.0 = Debug|x64
		{63D38577-13F8-4F5B-9CBF-CCB00E28B375}.Debug|x64.Deploy.0 = Debug|x64
		{63D38577-13F8-4F5B-9CBF-CCB00E28B375}.Debug|x86.ActiveCfg = Debug|x86
		{63D38577-13F8-4F5B-9CBF-CCB00E28B375}.Debug|x86.Build.0 = Debug|x86
		{63D38577-13F8-4F5B-9CBF-CCB00E28B375}.Debug|x86.Deploy.0 = Debug|x86
		{63D38577-13F8-4F5B-9CBF-CCB00E28B375}.Release|Any CPU.ActiveCfg = Release|x86
		{63D38577-13F8-4F5B-9CBF-CCB00E28B375}.Release|ARM.ActiveCfg = Release|ARM
		{63D38577-13F8-4F5B-9CBF-CCB00E28B375}.Release|ARM.Build.0 = Release|ARM
		{63D38577-13F8-4F5B-9CBF-CCB00E28B375}.Release|ARM.Deploy.0 = Release|ARM
		{63D38577-13F8-4F5B-9CBF-CCB00E28B375}.Release|x64.ActiveCfg = Release|x64
		{63D38577-13F8-4F5B-9CBF-CCB00E28B375}.Release|x64.Build.0 = Release|x64
		{63D38577-13F8-4F5B-9CBF-CCB00E28B375}.Release|x64.Deploy.0 = Release|x64
		{63D38577-13F8-4F5B-9CBF-CCB00E28B375}.Release|x86.ActiveCfg = Release|x86
		{63D38577-13F8-4F5B-9CBF-CCB00E28B375}.Release|x86.Build.0 = Release|x86
		{63D38577-13F8-4F5B-9CBF-CCB00E28B375}.Release|x86.Deploy.0 = Release|x86
	EndGlobalSection
	GlobalSection(SolutionProperties) = preSolution
		HideSolutionNode = FALSE
	EndGlobalSection
	GlobalSection(ExtensibilityGlobals) = postSolution
		SolutionGuid = {DCB33E58-414C-4607-AA63-3D67E4CE34CB}
	EndGlobalSection
EndGlobal
